<?xml version="1.0" encoding="utf-8"?>
<Project ToolsVersion="4.0" xmlns="http://schemas.microsoft.com/developer/msbuild/2003">
  <ItemGroup>
    <ClCompile Include="src\main.cpp" />
    <ClCompile Include="src\sys\GameManager.cpp">
      <Filter>sys</Filter>
    </ClCompile>
    <ClCompile Include="src\sys\GameScene.cpp">
      <Filter>sys</Filter>
    </ClCompile>
    <ClCompile Include="src\gmd\IntroScene.cpp">
      <Filter>gmd</Filter>
    </ClCompile>
    <ClCompile Include="src\sys\Configuration.cpp">
      <Filter>sys</Filter>
    </ClCompile>
    <ClCompile Include="src\sys\Renderer.cpp">
      <Filter>sys</Filter>
    </ClCompile>
    <ClCompile Include="src\gmd\Tilemap.cpp">
      <Filter>gmd</Filter>
    </ClCompile>
    <ClCompile Include="src\gmd\Player.cpp">
      <Filter>gmd</Filter>
    </ClCompile>
    <ClCompile Include="src\gmd\Globals.cpp">
      <Filter>gmd</Filter>
    </ClCompile>
    <ClCompile Include="src\gmd\Dialogs.cpp">
      <Filter>gmd</Filter>
    </ClCompile>
    <ClCompile Include="src\util\Parsing.cpp">
      <Filter>util</Filter>
    </ClCompile>
    <ClCompile Include="src\gmd\EntTest.cpp">
      <Filter>gmd</Filter>
    </ClCompile>
    <ClCompile Include="src\gmd\Entities.cpp">
      <Filter>gmd</Filter>
    </ClCompile>
    <ClCompile Include="src\gmd\Areas.cpp">
      <Filter>gmd</Filter>
    </ClCompile>
    <ClCompile Include="src\gmd\LevelScene.cpp">
      <Filter>gmd</Filter>
    </ClCompile>
    <ClCompile Include="src\util\BasePath.cpp">
      <Filter>util</Filter>
    </ClCompile>
    <ClCompile Include="src\util\Base64.cpp">
      <Filter>util</Filter>
    </ClCompile>
    <ClCompile Include="src\gmd\EntityFactory.cpp">
      <Filter>gmd</Filter>
    </ClCompile>
    <ClCompile Include="src\util\XmlUtils.cpp">
      <Filter>util</Filter>
    </ClCompile>
    <ClCompile Include="src\ent\DialogEntity.cpp">
      <Filter>ent</Filter>
    </ClCompile>
    <ClCompile Include="src\gmd\DialogScene.cpp">
      <Filter>gmd</Filter>
    </ClCompile>
    <ClCompile Include="src\gmd\AreaScene.cpp">
      <Filter>gmd</Filter>
    </ClCompile>
    <ClCompile Include="src\ent\AreaEntity.cpp">
      <Filter>ent</Filter>
    </ClCompile>
  </ItemGroup>
  <ItemGroup>
    <Filter Include="sys">
      <UniqueIdentifier>{226e7242-1f2d-4898-9bc6-5274f1a6a95a}</UniqueIdentifier>
    </Filter>
    <Filter Include="gmd">
      <UniqueIdentifier>{9c100057-d19a-4b1a-b280-8fccd6a72b2a}</UniqueIdentifier>
    </Filter>
    <Filter Include="util">
      <UniqueIdentifier>{e3164890-8b20-4ff4-9a2f-d044459101ff}</UniqueIdentifier>
    </Filter>
    <Filter Include="res">
      <UniqueIdentifier>{e9267698-1765-4b31-af71-195d7cc4d54a}</UniqueIdentifier>
    </Filter>
    <Filter Include="ent">
      <UniqueIdentifier>{3239efa1-72dc-4f16-b0c3-7f7874db9e48}</UniqueIdentifier>
    </Filter>
  </ItemGroup>
  <ItemGroup>
    <ClInclude Include="src\sys\GameManager.h">
      <Filter>sys</Filter>
    </ClInclude>
    <ClInclude Include="src\sys\GameScene.h">
      <Filter>sys</Filter>
    </ClInclude>
    <ClInclude Include="src\gmd\IntroScene.h">
      <Filter>gmd</Filter>
    </ClInclude>
    <ClInclude Include="src\sys\Configuration.h">
      <Filter>sys</Filter>
    </ClInclude>
    <ClInclude Include="src\sys\Renderer.h">
      <Filter>sys</Filter>
    </ClInclude>
    <ClInclude Include="src\gmd\Tilemap.h">
      <Filter>gmd</Filter>
    </ClInclude>
    <ClInclude Include="src\gmd\Player.h">
      <Filter>gmd</Filter>
    </ClInclude>
    <ClInclude Include="src\gmd\Globals.h">
      <Filter>gmd</Filter>
    </ClInclude>
    <ClInclude Include="src\gmd\Dialogs.h">
      <Filter>gmd</Filter>
    </ClInclude>
    <ClInclude Include="src\util\Parsing.h">
      <Filter>util</Filter>
    </ClInclude>
    <ClInclude Include="src\gmd\EntTest.h">
      <Filter>gmd</Filter>
    </ClInclude>
    <ClInclude Include="src\gmd\Entities.h">
      <Filter>gmd</Filter>
    </ClInclude>
    <ClInclude Include="src\gmd\Areas.h">
      <Filter>gmd</Filter>
    </ClInclude>
    <ClInclude Include="src\gmd\LevelScene.h">
      <Filter>gmd</Filter>
    </ClInclude>
    <ClInclude Include="src\util\BasePath.h">
      <Filter>util</Filter>
    </ClInclude>
    <ClInclude Include="src\util\Base64.h">
      <Filter>util</Filter>
    </ClInclude>
    <ClInclude Include="src\gmd\EntityFactory.h">
      <Filter>gmd</Filter>
    </ClInclude>
    <ClInclude Include="src\util\XmlUtils.h">
      <Filter>util</Filter>
    </ClInclude>
    <ClInclude Include="src\ent\DialogEntity.h">
      <Filter>ent</Filter>
    </ClInclude>
    <ClInclude Include="src\gmd\DialogScene.h">
      <Filter>gmd</Filter>
    </ClInclude>
    <ClInclude Include="src\gmd\AreaScene.h">
      <Filter>gmd</Filter>
    </ClInclude>
    <ClInclude Include="src\gmd\Notify.h">
      <Filter>sys</Filter>
    </ClInclude>
    <ClInclude Include="src\ent\AreaEntity.h">
      <Filter>ent</Filter>
    </ClInclude>
  </ItemGroup>
  <ItemGroup>
    <None Include="res\level01.desc">
      <Filter>res</Filter>
    </None>
  </ItemGroup>
</Project>